// !$*UTF8*$!
{
	archiveVersion = 1;
	classes = {
	};
	objectVersion = 46;
	objects = {

/* Begin PBXBuildFile section */
		6499F57C1CDD1D520085A731 /* AppDelegate.swift in Sources */ = {isa = PBXBuildFile; fileRef = 6499F57B1CDD1D520085A731 /* AppDelegate.swift */; };
		6499F57E1CDD1D520085A731 /* ViewController.swift in Sources */ = {isa = PBXBuildFile; fileRef = 6499F57D1CDD1D520085A731 /* ViewController.swift */; };
		6499F5811CDD1D520085A731 /* Main.storyboard in Resources */ = {isa = PBXBuildFile; fileRef = 6499F57F1CDD1D520085A731 /* Main.storyboard */; };
		6499F5831CDD1D520085A731 /* Assets.xcassets in Resources */ = {isa = PBXBuildFile; fileRef = 6499F5821CDD1D520085A731 /* Assets.xcassets */; };
		6499F5861CDD1D520085A731 /* LaunchScreen.storyboard in Resources */ = {isa = PBXBuildFile; fileRef = 6499F5841CDD1D520085A731 /* LaunchScreen.storyboard */; };
		6499F5911CDD1D520085A731 /* demoTests.swift in Sources */ = {isa = PBXBuildFile; fileRef = 6499F5901CDD1D520085A731 /* demoTests.swift */; };
		6499F59C1CDD1D520085A731 /* demoUITests.swift in Sources */ = {isa = PBXBuildFile; fileRef = 6499F59B1CDD1D520085A731 /* demoUITests.swift */; };
/* End PBXBuildFile section */

/* Begin PBXContainerItemProxy section */
		6499F58D1CDD1D520085A731 /* PBXContainerItemProxy */ = {
			isa = PBXContainerItemProxy;
			containerPortal = 6499F5701CDD1D520085A731 /* Project object */;
			proxyType = 1;
			remoteGlobalIDString = 6499F5771CDD1D520085A731;
			remoteInfo = demo;
		};
		6499F5981CDD1D520085A731 /* PBXContainerItemProxy */ = {
			isa = PBXContainerItemProxy;
			containerPortal = 6499F5701CDD1D520085A731 /* Project object */;
			proxyType = 1;
			remoteGlobalIDString = 6499F5771CDD1D520085A731;
			remoteInfo = demo;
		};
/* End PBXContainerItemProxy section */

/* Begin PBXFileReference section */
		6499F5781CDD1D520085A731 /* demo.app */ = {isa = PBXFileReference; explicitFileType = wrapper.application; includeInIndex = 0; path = demo.app; sourceTree = BUILT_PRODUCTS_DIR; };
		6499F57B1CDD1D520085A731 /* AppDelegate.swift */ = {isa = PBXFileReference; lastKnownFileType = sourcecode.swift; path = AppDelegate.swift; sourceTree = "<group>"; };
		6499F57D1CDD1D520085A731 /* ViewController.swift */ = {isa = PBXFileReference; lastKnownFileType = sourcecode.swift; path = ViewController.swift; sourceTree = "<group>"; };
		6499F5801CDD1D520085A731 /* Base */ = {isa = PBXFileReference; lastKnownFileType = file.storyboard; name = Base; path = Base.lproj/Main.storyboard; sourceTree = "<group>"; };
		6499F5821CDD1D520085A731 /* Assets.xcassets */ = {isa = PBXFileReference; lastKnownFileType = folder.assetcatalog; path = Assets.xcassets; sourceTree = "<group>"; };
		6499F5851CDD1D520085A731 /* Base */ = {isa = PBXFileReference; lastKnownFileType = file.storyboard; name = Base; path = Base.lproj/LaunchScreen.storyboard; sourceTree = "<group>"; };
		6499F5871CDD1D520085A731 /* Info.plist */ = {isa = PBXFileReference; lastKnownFileType = text.plist.xml; path = Info.plist; sourceTree = "<group>"; };
		6499F58C1CDD1D520085A731 /* demoTests.xctest */ = {isa = PBXFileReference; explicitFileType = wrapper.cfbundle; includeInIndex = 0; path = demoTests.xctest; sourceTree = BUILT_PRODUCTS_DIR; };
		6499F5901CDD1D520085A731 /* demoTests.swift */ = {isa = PBXFileReference; lastKnownFileType = sourcecode.swift; path = demoTests.swift; sourceTree = "<group>"; };
		6499F5921CDD1D520085A731 /* Info.plist */ = {isa = PBXFileReference; lastKnownFileType = text.plist.xml; path = Info.plist; sourceTree = "<group>"; };
		6499F5971CDD1D520085A731 /* demoUITests.xctest */ = {isa = PBXFileReference; explicitFileType = wrapper.cfbundle; includeInIndex = 0; path = demoUITests.xctest; sourceTree = BUILT_PRODUCTS_DIR; };
		6499F59B1CDD1D520085A731 /* demoUITests.swift */ = {isa = PBXFileReference; lastKnownFileType = sourcecode.swift; path = demoUITests.swift; sourceTree = "<group>"; };
		6499F59D1CDD1D520085A731 /* Info.plist */ = {isa = PBXFileReference; lastKnownFileType = text.plist.xml; path = Info.plist; sourceTree = "<group>"; };
/* End PBXFileReference section */

/* Begin PBXFrameworksBuildPhase section */
		6499F5751CDD1D520085A731 /* Frameworks */ = {
			isa = PBXFrameworksBuildPhase;
			buildActionMask = 2147483647;
			files = (
			);
			runOnlyForDeploymentPostprocessing = 0;
		};
		6499F5891CDD1D520085A731 /* Frameworks */ = {
			isa = PBXFrameworksBuildPhase;
			buildActionMask = 2147483647;
			files = (
			);
			runOnlyForDeploymentPostprocessing = 0;
		};
		6499F5941CDD1D520085A731 /* Frameworks */ = {
			isa = PBXFrameworksBuildPhase;
			buildActionMask = 2147483647;
			files = (
			);
			runOnlyForDeploymentPostprocessing = 0;
		};
/* End PBXFrameworksBuildPhase section */

/* Begin PBXGroup section */
		6499F56F1CDD1D520085A731 = {
			isa = PBXGroup;
			children = (
				6499F57A1CDD1D520085A731 /* demo */,
				6499F58F1CDD1D520085A731 /* demoTests */,
				6499F59A1CDD1D520085A731 /* demoUITests */,
				6499F5791CDD1D520085A731 /* Products */,
			);
			sourceTree = "<group>";
		};
		6499F5791CDD1D520085A731 /* Products */ = {
			isa = PBXGroup;
			children = (
				6499F5781CDD1D520085A731 /* demo.app */,
				6499F58C1CDD1D520085A731 /* demoTests.xctest */,
				6499F5971CDD1D520085A731 /* demoUITests.xctest */,
			);
			name = Products;
			sourceTree = "<group>";
		};
		6499F57A1CDD1D520085A731 /* demo */ = {
			isa = PBXGroup;
			children = (
				6499F57B1CDD1D520085A731 /* AppDelegate.swift */,
				6499F57D1CDD1D520085A731 /* ViewController.swift */,
				6499F57F1CDD1D520085A731 /* Main.storyboard */,
				6499F5821CDD1D520085A731 /* Assets.xcassets */,
				6499F5841CDD1D520085A731 /* LaunchScreen.storyboard */,
				6499F5871CDD1D520085A731 /* Info.plist */,
			);
			path = demo;
			sourceTree = "<group>";
		};
		6499F58F1CDD1D520085A731 /* demoTests */ = {
			isa = PBXGroup;
			children = (
				6499F5901CDD1D520085A731 /* demoTests.swift */,
				6499F5921CDD1D520085A731 /* Info.plist */,
			);
			path = demoTests;
			sourceTree = "<group>";
		};
		6499F59A1CDD1D520085A731 /* demoUITests */ = {
			isa = PBXGroup;
			children = (
				6499F59B1CDD1D520085A731 /* demoUITests.swift */,
				6499F59D1CDD1D520085A731 /* Info.plist */,
			);
			path = demoUITests;
			sourceTree = "<group>";
		};
/* End PBXGroup section */

/* Begin PBXNativeTarget section */
		6499F5771CDD1D520085A731 /* demo */ = {
			isa = PBXNativeTarget;
			buildConfigurationList = 6499F5A01CDD1D520085A731 /* Build configuration list for PBXNativeTarget "demo" */;
			buildPhases = (
				6499F5741CDD1D520085A731 /* Sources */,
				6499F5751CDD1D520085A731 /* Frameworks */,
				6499F5761CDD1D520085A731 /* Resources */,
			);
			buildRules = (
			);
			dependencies = (
			);
			name = demo;
			productName = demo;
			productReference = 6499F5781CDD1D520085A731 /* demo.app */;
			productType = "com.apple.product-type.application";
		};
		6499F58B1CDD1D520085A731 /* demoTests */ = {
			isa = PBXNativeTarget;
			buildConfigurationList = 6499F5A31CDD1D520085A731 /* Build configuration list for PBXNativeTarget "demoTests" */;
			buildPhases = (
				6499F5881CDD1D520085A731 /* Sources */,
				6499F5891CDD1D520085A731 /* Frameworks */,
				6499F58A1CDD1D520085A731 /* Resources */,
			);
			buildRules = (
			);
			dependencies = (
				6499F58E1CDD1D520085A731 /* PBXTargetDependency */,
			);
			name = demoTests;
			productName = demoTests;
			productReference = 6499F58C1CDD1D520085A731 /* demoTests.xctest */;
			productType = "com.apple.product-type.bundle.unit-test";
		};
		6499F5961CDD1D520085A731 /* demoUITests */ = {
			isa = PBXNativeTarget;
			buildConfigurationList = 6499F5A61CDD1D520085A731 /* Build configuration list for PBXNativeTarget "demoUITests" */;
			buildPhases = (
				6499F5931CDD1D520085A731 /* Sources */,
				6499F5941CDD1D520085A731 /* Frameworks */,
				6499F5951CDD1D520085A731 /* Resources */,
			);
			buildRules = (
			);
			dependencies = (
				6499F5991CDD1D520085A731 /* PBXTargetDependency */,
			);
			name = demoUITests;
			productName = demoUITests;
			productReference = 6499F5971CDD1D520085A731 /* demoUITests.xctest */;
			productType = "com.apple.product-type.bundle.ui-testing";
		};
/* End PBXNativeTarget section */

/* Begin PBXProject section */
		6499F5701CDD1D520085A731 /* Project object */ = {
			isa = PBXProject;
			attributes = {
				LastSwiftUpdateCheck = 0720;
				LastUpgradeCheck = 0720;
				ORGANIZATIONNAME = clayStreetLabs;
				TargetAttributes = {
					6499F5771CDD1D520085A731 = {
						CreatedOnToolsVersion = 7.2.1;
						DevelopmentTeam = KHG2QGV6SG;
					};
					6499F58B1CDD1D520085A731 = {
						CreatedOnToolsVersion = 7.2.1;
						DevelopmentTeam = KHG2QGV6SG;
						TestTargetID = 6499F5771CDD1D520085A731;
					};
					6499F5961CDD1D520085A731 = {
						CreatedOnToolsVersion = 7.2.1;
						DevelopmentTeam = KHG2QGV6SG;
						TestTargetID = 6499F5771CDD1D520085A731;
					};
				};
			};
			buildConfigurationList = 6499F5731CDD1D520085A731 /* Build configuration list for PBXProject "demo" */;
			compatibilityVersion = "Xcode 3.2";
			developmentRegion = English;
			hasScannedForEncodings = 0;
			knownRegions = (
				en,
				Base,
			);
			mainGroup = 6499F56F1CDD1D520085A731;
			productRefGroup = 6499F5791CDD1D520085A731 /* Products */;
			projectDirPath = "";
			projectRoot = "";
			targets = (
				6499F5771CDD1D520085A731 /* demo */,
				6499F58B1CDD1D520085A731 /* demoTests */,
				6499F5961CDD1D520085A731 /* demoUITests */,
			);
		};
/* End PBXProject section */

/* Begin PBXResourcesBuildPhase section */
		6499F5761CDD1D520085A731 /* Resources */ = {
			isa = PBXResourcesBuildPhase;
			buildActionMask = 2147483647;
			files = (
				6499F5861CDD1D520085A731 /* LaunchScreen.storyboard in Resources */,
				6499F5831CDD1D520085A731 /* Assets.xcassets in Resources */,
				6499F5811CDD1D520085A731 /* Main.storyboard in Resources */,
			);
			runOnlyForDeploymentPostprocessing = 0;
		};
		6499F58A1CDD1D520085A731 /* Resources */ = {
			isa = PBXResourcesBuildPhase;
			buildActionMask = 2147483647;
			files = (
			);
			runOnlyForDeploymentPostprocessing = 0;
		};
		6499F5951CDD1D520085A731 /* Resources */ = {
			isa = PBXResourcesBuildPhase;
			buildActionMask = 2147483647;
			files = (
			);
			runOnlyForDeploymentPostprocessing = 0;
		};
/* End PBXResourcesBuildPhase section */

/* Begin PBXSourcesBuildPhase section */
		6499F5741CDD1D520085A731 /* Sources */ = {
			isa = PBXSourcesBuildPhase;
			buildActionMask = 2147483647;
			files = (
				6499F57E1CDD1D520085A731 /* ViewController.swift in Sources */,
				6499F57C1CDD1D520085A731 /* AppDelegate.swift in Sources */,
			);
			runOnlyForDeploymentPostprocessing = 0;
		};
		6499F5881CDD1D520085A731 /* Sources */ = {
			isa = PBXSourcesBuildPhase;
			buildActionMask = 2147483647;
			files = (
				6499F5911CDD1D520085A731 /* demoTests.swift in Sources */,
			);
			runOnlyForDeploymentPostprocessing = 0;
		};
		6499F5931CDD1D520085A731 /* Sources */ = {
			isa = PBXSourcesBuildPhase;
			buildActionMask = 2147483647;
			files = (
				6499F59C1CDD1D520085A731 /* demoUITests.swift in Sources */,
			);
			runOnlyForDeploymentPostprocessing = 0;
		};
/* End PBXSourcesBuildPhase section */

/* Begin PBXTargetDependency section */
		6499F58E1CDD1D520085A731 /* PBXTargetDependency */ = {
			isa = PBXTargetDependency;
			target = 6499F5771CDD1D520085A731 /* demo */;
			targetProxy = 6499F58D1CDD1D520085A731 /* PBXContainerItemProxy */;
		};
		6499F5991CDD1D520085A731 /* PBXTargetDependency */ = {
			isa = PBXTargetDependency;
			target = 6499F5771CDD1D520085A731 /* demo */;
			targetProxy = 6499F5981CDD1D520085A731 /* PBXContainerItemProxy */;
		};
/* End PBXTargetDependency section */

/* Begin PBXVariantGroup section */
		6499F57F1CDD1D520085A731 /* Main.storyboard */ = {
			isa = PBXVariantGroup;
			children = (
				6499F5801CDD1D520085A731 /* Base */,
			);
			name = Main.storyboard;
			sourceTree = "<group>";
		};
		6499F5841CDD1D520085A731 /* LaunchScreen.storyboard */ = {
			isa = PBXVariantGroup;
			children = (
				6499F5851CDD1D520085A731 /* Base */,
			);
			name = LaunchScreen.storyboard;
			sourceTree = "<group>";
		};
/* End PBXVariantGroup section */

/* Begin XCBuildConfiguration section */
		6499F59E1CDD1D520085A731 /* Debug */ = {
			isa = XCBuildConfiguration;
			buildSettings = {
				ALWAYS_SEARCH_USER_PATHS = NO;
				CLANG_CXX_LANGUAGE_STANDARD = "gnu++0x";
				CLANG_CXX_LIBRARY = "libc++";
				CLANG_ENABLE_MODULES = YES;
				CLANG_ENABLE_OBJC_ARC = YES;
				CLANG_WARN_BOOL_CONVERSION = YES;
				CLANG_WARN_CONSTANT_CONVERSION = YES;
				CLANG_WARN_DIRECT_OBJC_ISA_USAGE = YES_ERROR;
				CLANG_WARN_EMPTY_BODY = YES;
				CLANG_WARN_ENUM_CONVERSION = YES;
				CLANG_WARN_INT_CONVERSION = YES;
				CLANG_WARN_OBJC_ROOT_CLASS = YES_ERROR;
				CLANG_WARN_UNREACHABLE_CODE = YES;
				CLANG_WARN__DUPLICATE_METHOD_MATCH = YES;
				"CODE_SIGN_IDENTITY[sdk=iphoneos*]" = "iPhone Developer";
				COPY_PHASE_STRIP = NO;
				DEBUG_INFORMATION_FORMAT = dwarf;
				ENABLE_STRICT_OBJC_MSGSEND = YES;
				ENABLE_TESTABILITY = YES;
				GCC_C_LANGUAGE_STANDARD = gnu99;
				GCC_DYNAMIC_NO_PIC = NO;
				GCC_NO_COMMON_BLOCKS = YES;
				GCC_OPTIMIZATION_LEVEL = 0;
				GCC_PREPROCESSOR_DEFINITIONS = (
					"DEBUG=1",
					"$(inherited)",
				);
				GCC_WARN_64_TO_32_BIT_CONVERSION = YES;
				GCC_WARN_ABOUT_RETURN_TYPE = YES_ERROR;
				GCC_WARN_UNDECLARED_SELECTOR = YES;
				GCC_WARN_UNINITIALIZED_AUTOS = YES_AGGRESSIVE;
				GCC_WARN_UNUSED_FUNCTION = YES;
				GCC_WARN_UNUSED_VARIABLE = YES;
				IPHONEOS_DEPLOYMENT_TARGET = 9.2;
				MTL_ENABLE_DEBUG_INFO = YES;
				ONLY_ACTIVE_ARCH = YES;
				SDKROOT = iphoneos;
				SWIFT_OPTIMIZATION_LEVEL = "-Onone";
				TARGETED_DEVICE_FAMILY = "1,2";
			};
			name = Debug;
		};
		6499F59F1CDD1D520085A731 /* Release */ = {
			isa = XCBuildConfiguration;
			buildSettings = {
				ALWAYS_SEARCH_USER_PATHS = NO;
				CLANG_CXX_LANGUAGE_STANDARD = "gnu++0x";
				CLANG_CXX_LIBRARY = "libc++";
				CLANG_ENABLE_MODULES = YES;
				CLANG_ENABLE_OBJC_ARC = YES;
				CLANG_WARN_BOOL_CONVERSION = YES;
				CLANG_WARN_CONSTANT_CONVERSION = YES;
				CLANG_WARN_DIRECT_OBJC_ISA_USAGE = YES_ERROR;
				CLANG_WARN_EMPTY_BODY = YES;
				CLANG_WARN_ENUM_CONVERSION = YES;
				CLANG_WARN_INT_CONVERSION = YES;
				CLANG_WARN_OBJC_ROOT_CLASS = YES_ERROR;
				CLANG_WARN_UNREACHABLE_CODE = YES;
				CLANG_WARN__DUPLICATE_METHOD_MATCH = YES;
				"CODE_SIGN_IDENTITY[sdk=iphoneos*]" = "iPhone Developer";
				COPY_PHASE_STRIP = NO;
				DEBUG_INFORMATION_FORMAT = "dwarf-with-dsym";
				ENABLE_NS_ASSERTIONS = NO;
				ENABLE_STRICT_OBJC_MSGSEND = YES;
				GCC_C_LANGUAGE_STANDARD = gnu99;
				GCC_NO_COMMON_BLOCKS = YES;
				GCC_WARN_64_TO_32_BIT_CONVERSION = YES;
				GCC_WARN_ABOUT_RETURN_TYPE = YES_ERROR;
				GCC_WARN_UNDECLARED_SELECTOR = YES;
				GCC_WARN_UNINITIALIZED_AUTOS = YES_AGGRESSIVE;
				GCC_WARN_UNUSED_FUNCTION = YES;
				GCC_WARN_UNUSED_VARIABLE = YES;
				IPHONEOS_DEPLOYMENT_TARGET = 9.2;
				MTL_ENABLE_DEBUG_INFO = NO;
				SDKROOT = iphoneos;
				TARGETED_DEVICE_FAMILY = "1,2";
				VALIDATE_PRODUCT = YES;
			};
			name = Release;
		};
		6499F5A11CDD1D520085A731 /* Debug */ = {
			isa = XCBuildConfiguration;
			buildSettings = {
				ASSETCATALOG_COMPILER_APPICON_NAME = AppIcon;
				INFOPLIST_FILE = demo/Info.plist;
				LD_RUNPATH_SEARCH_PATHS = "$(inherited) @executable_path/Frameworks";
				PRODUCT_BUNDLE_IDENTIFIER = self.edu.demo;
				PRODUCT_NAME = "$(TARGET_NAME)";
			};
			name = Debug;
		};
		6499F5A21CDD1D520085A731 /* Release */ = {
			isa = XCBuildConfiguration;
			buildSettings = {
				ASSETCATALOG_COMPILER_APPICON_NAME = AppIcon;
				INFOPLIST_FILE = demo/Info.plist;
				LD_RUNPATH_SEARCH_PATHS = "$(inherited) @executable_path/Frameworks";
				PRODUCT_BUNDLE_IDENTIFIER = self.edu.demo;
				PRODUCT_NAME = "$(TARGET_NAME)";
			};
			name = Release;
		};
		6499F5A41CDD1D520085A731 /* Debug */ = {
			isa = XCBuildConfiguration;
			buildSettings = {
				BUNDLE_LOADER = "$(TEST_HOST)";
				INFOPLIST_FILE = demoTests/Info.plist;
				LD_RUNPATH_SEARCH_PATHS = "$(inherited) @executable_path/Frameworks @loader_path/Frameworks";
				PRODUCT_BUNDLE_IDENTIFIER = self.edu.demoTests;
				PRODUCT_NAME = "$(TARGET_NAME)";
				TEST_HOST = "$(BUILT_PRODUCTS_DIR)/demo.app/demo";
			};
			name = Debug;
		};
		6499F5A51CDD1D520085A731 /* Release */ = {
			isa = XCBuildConfiguration;
			buildSettings = {
				BUNDLE_LOADER = "$(TEST_HOST)";
				INFOPLIST_FILE = demoTests/Info.plist;
				LD_RUNPATH_SEARCH_PATHS = "$(inherited) @executable_path/Frameworks @loader_path/Frameworks";
				PRODUCT_BUNDLE_IDENTIFIER = self.edu.demoTests;
				PRODUCT_NAME = "$(TARGET_NAME)";
				TEST_HOST = "$(BUILT_PRODUCTS_DIR)/demo.app/demo";
			};
			name = Release;
		};
		6499F5A71CDD1D520085A731 /* Debug */ = {
			isa = XCBuildConfiguration;
			buildSettings = {
				INFOPLIST_FILE = demoUITests/Info.plist;
				LD_RUNPATH_SEARCH_PATHS = "$(inherited) @executable_path/Frameworks @loader_path/Frameworks";
				PRODUCT_BUNDLE_IDENTIFIER = self.edu.demoUITests;
				PRODUCT_NAME = "$(TARGET_NAME)";
				TEST_TARGET_NAME = demo;
				USES_XCTRUNNER = YES;
			};
			name = Debug;
		};
		6499F5A81CDD1D520085A731 /* Release */ = {
			isa = XCBuildConfiguration;
			buildSettings = {
				INFOPLIST_FILE = demoUITests/Info.plist;
				LD_RUNPATH_SEARCH_PATHS = "$(inherited) @executable_path/Frameworks @loader_path/Frameworks";
				PRODUCT_BUNDLE_IDENTIFIER = self.edu.demoUITests;
				PRODUCT_NAME = "$(TARGET_NAME)";
				TEST_TARGET_NAME = demo;
				USES_XCTRUNNER = YES;
			};
			name = Release;
		};
/* End XCBuildConfiguration section */

/* Begin XCConfigurationList section */
		6499F5731CDD1D520085A731 /* Build configuration list for PBXProject "demo" */ = {
			isa = XCConfigurationList;
			buildConfigurations = (
				6499F59E1CDD1D520085A731 /* Debug */,
				6499F59F1CDD1D520085A731 /* Release */,
			);
			defaultConfigurationIsVisible = 0;
			defaultConfigurationName = Release;
		};
		6499F5A01CDD1D520085A731 /* Build configuration list for PBXNativeTarget "demo" */ = {
			isa = XCConfigurationList;
			buildConfigurations = (
				6499F5A11CDD1D520085A731 /* Debug */,
				6499F5A21CDD1D520085A731 /* Release */,
			);
			defaultConfigurationIsVisible = 0;
		};
		6499F5A31CDD1D520085A731 /* Build configuration list for PBXNativeTarget "demoTests" */ = {
			isa = XCConfigurationList;
			buildConfigurations = (
				6499F5A41CDD1D520085A731 /* Debug */,
				6499F5A51CDD1D520085A731 /* Release */,
			);
			defaultConfigurationIsVisible = 0;
		};
		6499F5A61CDD1D520085A731 /* Build configuration list for PBXNativeTarget "demoUITests" */ = {
			isa = XCConfigurationList;
			buildConfigurations = (
				6499F5A71CDD1D520085A731 /* Debug */,
				6499F5A81CDD1D520085A731 /* Release */,
			);
			defaultConfigurationIsVisible = 0;
		};
/* End XCConfigurationList section */
	};
	rootObject = 6499F5701CDD1D520085A731 /* Project object */;
}
